# This file is automatically @generated by Cargo.
# It is not intended for manual editing.
version = 3

[[package]]
name = "mediaplayer"
version = "0.1.0"
dependencies = [
 "playerctl",
]

[[package]]
name = "playerctl"
version = "0.1.0"
source = "registry+https://github.com/rust-lang/crates.io-index"
checksum = "46e64d4850dfbd759aa3f4e303674ee3f697b9548ab60dc0e2571dc43568a7c7"
